
Microsoft Visual Studio Solution File, Format Version 12.00
# Visual Studio 15
VisualStudioVersion = 15.0.28307.168
MinimumVisualStudioVersion = 10.0.40219.1
Project("{FAE04EC0-301F-11D3-BF4B-00C04F79EFBC}") = "SimpleCalc", "SimpleCalc\SimpleCalc.csproj", "{6B8E0248-FE4F-44CF-88A6-954968B12872}"
EndProject
Project("{FAE04EC0-301F-11D3-BF4B-00C04F79EFBC}") = "SimpleCalc.Tests", "SimpleCalc.Tests\SimpleCalc.Tests.csproj", "{A126E5B2-021C-4945-B8DC-44C1E9D5560D}"
EndProject
Global
	GlobalSection(SolutionConfigurationPlatforms) = preSolution
		Debug|Any CPU = Debug|Any CPU
		Release|Any CPU = Release|Any CPU
	EndGlobalSection
	GlobalSection(ProjectConfigurationPlatforms) = postSolution
		{6B8E0248-FE4F-44CF-88A6-954968B12872}.Debug|Any CPU.ActiveCfg = Debug|Any CPU
		{6B8E0248-FE4F-44CF-88A6-954968B12872}.Debug|Any CPU.Build.0 = Debug|Any CPU
		{6B8E0248-FE4F-44CF-88A6-954968B12872}.Release|Any CPU.ActiveCfg = Release|Any CPU
		{6B8E0248-FE4F-44CF-88A6-954968B12872}.Release|Any CPU.Build.0 = Release|Any CPU
		{A126E5B2-021C-4945-B8DC-44C1E9D5560D}.Debug|Any CPU.ActiveCfg = Debug|Any CPU
		{A126E5B2-021C-4945-B8DC-44C1E9D5560D}.Debug|Any CPU.Build.0 = Debug|Any CPU
		{A126E5B2-021C-4945-B8DC-44C1E9D5560D}.Release|Any CPU.ActiveCfg = Release|Any CPU
		{A126E5B2-021C-4945-B8DC-44C1E9D5560D}.Release|Any CPU.Build.0 = Release|Any CPU
	EndGlobalSection
	GlobalSection(SolutionProperties) = preSolution
		HideSolutionNode = FALSE
	EndGlobalSection
	GlobalSection(ExtensibilityGlobals) = postSolution
		SolutionGuid = {795C79EF-B710-468A-8B10-0E4C2038A0EA}
	EndGlobalSection
EndGlobal
